
Microsoft Visual Studio Solution File, Format Version 12.00
# Visual Studio Version 17
VisualStudioVersion = 17.7.34221.43
MinimumVisualStudioVersion = 10.0.40219.1
Project("{FAE04EC0-301F-11D3-BF4B-00C04F79EFBC}") = "ToDoList", "ToDoList\ToDoList.csproj", "{A54CA795-A182-4E0E-AA08-352383890060}"
EndProject
Project("{FAE04EC0-301F-11D3-BF4B-00C04F79EFBC}") = "Calculator", "Calculator\Calculator.csproj", "{57C092B1-BCC4-4BCE-A44B-3601197AB12D}"
EndProject
Project("{FAE04EC0-301F-11D3-BF4B-00C04F79EFBC}") = "PracticePage", "PracticePage\PracticePage.csproj", "{C84B5FCE-4BF4-426A-898A-5271D9A054F5}"
EndProject
Global
	GlobalSection(SolutionConfigurationPlatforms) = preSolution
		Debug|Any CPU = Debug|Any CPU
		Release|Any CPU = Release|Any CPU
	EndGlobalSection
	GlobalSection(ProjectConfigurationPlatforms) = postSolution
		{A54CA795-A182-4E0E-AA08-352383890060}.Debug|Any CPU.ActiveCfg = Debug|Any CPU
		{A54CA795-A182-4E0E-AA08-352383890060}.Debug|Any CPU.Build.0 = Debug|Any CPU
		{A54CA795-A182-4E0E-AA08-352383890060}.Release|Any CPU.ActiveCfg = Release|Any CPU
		{A54CA795-A182-4E0E-AA08-352383890060}.Release|Any CPU.Build.0 = Release|Any CPU
		{57C092B1-BCC4-4BCE-A44B-3601197AB12D}.Debug|Any CPU.ActiveCfg = Debug|Any CPU
		{57C092B1-BCC4-4BCE-A44B-3601197AB12D}.Debug|Any CPU.Build.0 = Debug|Any CPU
		{57C092B1-BCC4-4BCE-A44B-3601197AB12D}.Release|Any CPU.ActiveCfg = Release|Any CPU
		{57C092B1-BCC4-4BCE-A44B-3601197AB12D}.Release|Any CPU.Build.0 = Release|Any CPU
		{C84B5FCE-4BF4-426A-898A-5271D9A054F5}.Debug|Any CPU.ActiveCfg = Debug|Any CPU
		{C84B5FCE-4BF4-426A-898A-5271D9A054F5}.Debug|Any CPU.Build.0 = Debug|Any CPU
		{C84B5FCE-4BF4-426A-898A-5271D9A054F5}.Release|Any CPU.ActiveCfg = Release|Any CPU
		{C84B5FCE-4BF4-426A-898A-5271D9A054F5}.Release|Any CPU.Build.0 = Release|Any CPU
	EndGlobalSection
	GlobalSection(SolutionProperties) = preSolution
		HideSolutionNode = FALSE
	EndGlobalSection
	GlobalSection(ExtensibilityGlobals) = postSolution
		SolutionGuid = {F13F5E9D-1BCD-4E84-805B-944DA5E3A6F8}
	EndGlobalSection
EndGlobal
